// !$*UTF8*$!
{
	archiveVersion = 1;
	classes = {
	};
	objectVersion = 50;
	objects = {

/* Begin PBXBuildFile section */
		846D2D2D2413BEF00066A847 /* AppDelegate.swift in Sources */ = {isa = PBXBuildFile; fileRef = 846D2D2C2413BEF00066A847 /* AppDelegate.swift */; };
		846D2D2F2413BEF00066A847 /* SceneDelegate.swift in Sources */ = {isa = PBXBuildFile; fileRef = 846D2D2E2413BEF00066A847 /* SceneDelegate.swift */; };
		846D2D342413BEF00066A847 /* Main.storyboard in Resources */ = {isa = PBXBuildFile; fileRef = 846D2D322413BEF00066A847 /* Main.storyboard */; };
		846D2D362413BEF30066A847 /* Assets.xcassets in Resources */ = {isa = PBXBuildFile; fileRef = 846D2D352413BEF30066A847 /* Assets.xcassets */; };
		846D2D392413BEF30066A847 /* LaunchScreen.storyboard in Resources */ = {isa = PBXBuildFile; fileRef = 846D2D372413BEF30066A847 /* LaunchScreen.storyboard */; };
		846D2D412413BF800066A847 /* ListTableViewController.swift in Sources */ = {isa = PBXBuildFile; fileRef = 846D2D402413BF800066A847 /* ListTableViewController.swift */; };
		846D2D432413CA660066A847 /* MovieVO.swift in Sources */ = {isa = PBXBuildFile; fileRef = 846D2D422413CA660066A847 /* MovieVO.swift */; };
		846D2D452413ED9A0066A847 /* MovieCell.swift in Sources */ = {isa = PBXBuildFile; fileRef = 846D2D442413ED990066A847 /* MovieCell.swift */; };
		846D2D4A2413F0EE0066A847 /* secret.jpg in Resources */ = {isa = PBXBuildFile; fileRef = 846D2D472413F0EE0066A847 /* secret.jpg */; };
		846D2D4B2413F0EE0066A847 /* rain.jpg in Resources */ = {isa = PBXBuildFile; fileRef = 846D2D482413F0EE0066A847 /* rain.jpg */; };
		846D2D4C2413F0EE0066A847 /* darknight.jpg in Resources */ = {isa = PBXBuildFile; fileRef = 846D2D492413F0EE0066A847 /* darknight.jpg */; };
/* End PBXBuildFile section */

/* Begin PBXFileReference section */
		846D2D292413BEF00066A847 /* MyMovieChart.app */ = {isa = PBXFileReference; explicitFileType = wrapper.application; includeInIndex = 0; path = MyMovieChart.app; sourceTree = BUILT_PRODUCTS_DIR; };
		846D2D2C2413BEF00066A847 /* AppDelegate.swift */ = {isa = PBXFileReference; lastKnownFileType = sourcecode.swift; path = AppDelegate.swift; sourceTree = "<group>"; };
		846D2D2E2413BEF00066A847 /* SceneDelegate.swift */ = {isa = PBXFileReference; lastKnownFileType = sourcecode.swift; path = SceneDelegate.swift; sourceTree = "<group>"; };
		846D2D332413BEF00066A847 /* Base */ = {isa = PBXFileReference; lastKnownFileType = file.storyboard; name = Base; path = Base.lproj/Main.storyboard; sourceTree = "<group>"; };
		846D2D352413BEF30066A847 /* Assets.xcassets */ = {isa = PBXFileReference; lastKnownFileType = folder.assetcatalog; path = Assets.xcassets; sourceTree = "<group>"; };
		846D2D382413BEF30066A847 /* Base */ = {isa = PBXFileReference; lastKnownFileType = file.storyboard; name = Base; path = Base.lproj/LaunchScreen.storyboard; sourceTree = "<group>"; };
		846D2D3A2413BEF30066A847 /* Info.plist */ = {isa = PBXFileReference; lastKnownFileType = text.plist.xml; path = Info.plist; sourceTree = "<group>"; };
		846D2D402413BF800066A847 /* ListTableViewController.swift */ = {isa = PBXFileReference; lastKnownFileType = sourcecode.swift; path = ListTableViewController.swift; sourceTree = "<group>"; };
		846D2D422413CA660066A847 /* MovieVO.swift */ = {isa = PBXFileReference; lastKnownFileType = sourcecode.swift; path = MovieVO.swift; sourceTree = "<group>"; };
		846D2D442413ED990066A847 /* MovieCell.swift */ = {isa = PBXFileReference; lastKnownFileType = sourcecode.swift; path = MovieCell.swift; sourceTree = "<group>"; };
		846D2D472413F0EE0066A847 /* secret.jpg */ = {isa = PBXFileReference; lastKnownFileType = image.jpeg; path = secret.jpg; sourceTree = "<group>"; };
		846D2D482413F0EE0066A847 /* rain.jpg */ = {isa = PBXFileReference; lastKnownFileType = image.jpeg; path = rain.jpg; sourceTree = "<group>"; };
		846D2D492413F0EE0066A847 /* darknight.jpg */ = {isa = PBXFileReference; lastKnownFileType = image.jpeg; path = darknight.jpg; sourceTree = "<group>"; };
/* End PBXFileReference section */

/* Begin PBXFrameworksBuildPhase section */
		846D2D262413BEF00066A847 /* Frameworks */ = {
			isa = PBXFrameworksBuildPhase;
			buildActionMask = 2147483647;
			files = (
			);
			runOnlyForDeploymentPostprocessing = 0;
		};
/* End PBXFrameworksBuildPhase section */

/* Begin PBXGroup section */
		846D2D202413BEF00066A847 = {
			isa = PBXGroup;
			children = (
				846D2D2B2413BEF00066A847 /* MyMovieChart */,
				846D2D2A2413BEF00066A847 /* Products */,
			);
			sourceTree = "<group>";
		};
		846D2D2A2413BEF00066A847 /* Products */ = {
			isa = PBXGroup;
			children = (
				846D2D292413BEF00066A847 /* MyMovieChart.app */,
			);
			name = Products;
			sourceTree = "<group>";
		};
		846D2D2B2413BEF00066A847 /* MyMovieChart */ = {
			isa = PBXGroup;
			children = (
				846D2D462413F0060066A847 /* Resources */,
				846D2D2C2413BEF00066A847 /* AppDelegate.swift */,
				846D2D2E2413BEF00066A847 /* SceneDelegate.swift */,
				846D2D322413BEF00066A847 /* Main.storyboard */,
				846D2D352413BEF30066A847 /* Assets.xcassets */,
				846D2D372413BEF30066A847 /* LaunchScreen.storyboard */,
				846D2D3A2413BEF30066A847 /* Info.plist */,
				846D2D402413BF800066A847 /* ListTableViewController.swift */,
				846D2D422413CA660066A847 /* MovieVO.swift */,
				846D2D442413ED990066A847 /* MovieCell.swift */,
			);
			path = MyMovieChart;
			sourceTree = "<group>";
		};
		846D2D462413F0060066A847 /* Resources */ = {
			isa = PBXGroup;
			children = (
				846D2D492413F0EE0066A847 /* darknight.jpg */,
				846D2D482413F0EE0066A847 /* rain.jpg */,
				846D2D472413F0EE0066A847 /* secret.jpg */,
			);
			path = Resources;
			sourceTree = "<group>";
		};
/* End PBXGroup section */

/* Begin PBXNativeTarget section */
		846D2D282413BEF00066A847 /* MyMovieChart */ = {
			isa = PBXNativeTarget;
			buildConfigurationList = 846D2D3D2413BEF30066A847 /* Build configuration list for PBXNativeTarget "MyMovieChart" */;
			buildPhases = (
				846D2D252413BEF00066A847 /* Sources */,
				846D2D262413BEF00066A847 /* Frameworks */,
				846D2D272413BEF00066A847 /* Resources */,
			);
			buildRules = (
			);
			dependencies = (
			);
			name = MyMovieChart;
			productName = MyMovieChart;
			productReference = 846D2D292413BEF00066A847 /* MyMovieChart.app */;
			productType = "com.apple.product-type.application";
		};
/* End PBXNativeTarget section */

/* Begin PBXProject section */
		846D2D212413BEF00066A847 /* Project object */ = {
			isa = PBXProject;
			attributes = {
				LastSwiftUpdateCheck = 1130;
				LastUpgradeCheck = 1130;
				ORGANIZATIONNAME = pgh;
				TargetAttributes = {
					846D2D282413BEF00066A847 = {
						CreatedOnToolsVersion = 11.3.1;
					};
				};
			};
			buildConfigurationList = 846D2D242413BEF00066A847 /* Build configuration list for PBXProject "MyMovieChart" */;
			compatibilityVersion = "Xcode 9.3";
			developmentRegion = en;
			hasScannedForEncodings = 0;
			knownRegions = (
				en,
				Base,
			);
			mainGroup = 846D2D202413BEF00066A847;
			productRefGroup = 846D2D2A2413BEF00066A847 /* Products */;
			projectDirPath = "";
			projectRoot = "";
			targets = (
				846D2D282413BEF00066A847 /* MyMovieChart */,
			);
		};
/* End PBXProject section */

/* Begin PBXResourcesBuildPhase section */
		846D2D272413BEF00066A847 /* Resources */ = {
			isa = PBXResourcesBuildPhase;
			buildActionMask = 2147483647;
			files = (
				846D2D4C2413F0EE0066A847 /* darknight.jpg in Resources */,
				846D2D392413BEF30066A847 /* LaunchScreen.storyboard in Resources */,
				846D2D4B2413F0EE0066A847 /* rain.jpg in Resources */,
				846D2D362413BEF30066A847 /* Assets.xcassets in Resources */,
				846D2D342413BEF00066A847 /* Main.storyboard in Resources */,
				846D2D4A2413F0EE0066A847 /* secret.jpg in Resources */,
			);
			runOnlyForDeploymentPostprocessing = 0;
		};
/* End PBXResourcesBuildPhase section */

/* Begin PBXSourcesBuildPhase section */
		846D2D252413BEF00066A847 /* Sources */ = {
			isa = PBXSourcesBuildPhase;
			buildActionMask = 2147483647;
			files = (
				846D2D2D2413BEF00066A847 /* AppDelegate.swift in Sources */,
				846D2D2F2413BEF00066A847 /* SceneDelegate.swift in Sources */,
				846D2D412413BF800066A847 /* ListTableViewController.swift in Sources */,
				846D2D452413ED9A0066A847 /* MovieCell.swift in Sources */,
				846D2D432413CA660066A847 /* MovieVO.swift in Sources */,
			);
			runOnlyForDeploymentPostprocessing = 0;
		};
/* End PBXSourcesBuildPhase section */

/* Begin PBXVariantGroup section */
		846D2D322413BEF00066A847 /* Main.storyboard */ = {
			isa = PBXVariantGroup;
			children = (
				846D2D332413BEF00066A847 /* Base */,
			);
			name = Main.storyboard;
			sourceTree = "<group>";
		};
		846D2D372413BEF30066A847 /* LaunchScreen.storyboard */ = {
			isa = PBXVariantGroup;
			children = (
				846D2D382413BEF30066A847 /* Base */,
			);
			name = LaunchScreen.storyboard;
			sourceTree = "<group>";
		};
/* End PBXVariantGroup section */

/* Begin XCBuildConfiguration section */
		846D2D3B2413BEF30066A847 /* Debug */ = {
			isa = XCBuildConfiguration;
			buildSettings = {
				ALWAYS_SEARCH_USER_PATHS = NO;
				CLANG_ANALYZER_NONNULL = YES;
				CLANG_ANALYZER_NUMBER_OBJECT_CONVERSION = YES_AGGRESSIVE;
				CLANG_CXX_LANGUAGE_STANDARD = "gnu++14";
				CLANG_CXX_LIBRARY = "libc++";
				CLANG_ENABLE_MODULES = YES;
				CLANG_ENABLE_OBJC_ARC = YES;
				CLANG_ENABLE_OBJC_WEAK = YES;
				CLANG_WARN_BLOCK_CAPTURE_AUTORELEASING = YES;
				CLANG_WARN_BOOL_CONVERSION = YES;
				CLANG_WARN_COMMA = YES;
				CLANG_WARN_CONSTANT_CONVERSION = YES;
				CLANG_WARN_DEPRECATED_OBJC_IMPLEMENTATIONS = YES;
				CLANG_WARN_DIRECT_OBJC_ISA_USAGE = YES_ERROR;
				CLANG_WARN_DOCUMENTATION_COMMENTS = YES;
				CLANG_WARN_EMPTY_BODY = YES;
				CLANG_WARN_ENUM_CONVERSION = YES;
				CLANG_WARN_INFINITE_RECURSION = YES;
				CLANG_WARN_INT_CONVERSION = YES;
				CLANG_WARN_NON_LITERAL_NULL_CONVERSION = YES;
				CLANG_WARN_OBJC_IMPLICIT_RETAIN_SELF = YES;
				CLANG_WARN_OBJC_LITERAL_CONVERSION = YES;
				CLANG_WARN_OBJC_ROOT_CLASS = YES_ERROR;
				CLANG_WARN_RANGE_LOOP_ANALYSIS = YES;
				CLANG_WARN_STRICT_PROTOTYPES = YES;
				CLANG_WARN_SUSPICIOUS_MOVE = YES;
				CLANG_WARN_UNGUARDED_AVAILABILITY = YES_AGGRESSIVE;
				CLANG_WARN_UNREACHABLE_CODE = YES;
				CLANG_WARN__DUPLICATE_METHOD_MATCH = YES;
				COPY_PHASE_STRIP = NO;
				DEBUG_INFORMATION_FORMAT = dwarf;
				ENABLE_STRICT_OBJC_MSGSEND = YES;
				ENABLE_TESTABILITY = YES;
				GCC_C_LANGUAGE_STANDARD = gnu11;
				GCC_DYNAMIC_NO_PIC = NO;
				GCC_NO_COMMON_BLOCKS = YES;
				GCC_OPTIMIZATION_LEVEL = 0;
				GCC_PREPROCESSOR_DEFINITIONS = (
					"DEBUG=1",
					"$(inherited)",
				);
				GCC_WARN_64_TO_32_BIT_CONVERSION = YES;
				GCC_WARN_ABOUT_RETURN_TYPE = YES_ERROR;
				GCC_WARN_UNDECLARED_SELECTOR = YES;
				GCC_WARN_UNINITIALIZED_AUTOS = YES_AGGRESSIVE;
				GCC_WARN_UNUSED_FUNCTION = YES;
				GCC_WARN_UNUSED_VARIABLE = YES;
				IPHONEOS_DEPLOYMENT_TARGET = 13.2;
				MTL_ENABLE_DEBUG_INFO = INCLUDE_SOURCE;
				MTL_FAST_MATH = YES;
				ONLY_ACTIVE_ARCH = YES;
				SDKROOT = iphoneos;
				SWIFT_ACTIVE_COMPILATION_CONDITIONS = DEBUG;
				SWIFT_OPTIMIZATION_LEVEL = "-Onone";
			};
			name = Debug;
		};
		846D2D3C2413BEF30066A847 /* Release */ = {
			isa = XCBuildConfiguration;
			buildSettings = {
				ALWAYS_SEARCH_USER_PATHS = NO;
				CLANG_ANALYZER_NONNULL = YES;
				CLANG_ANALYZER_NUMBER_OBJECT_CONVERSION = YES_AGGRESSIVE;
				CLANG_CXX_LANGUAGE_STANDARD = "gnu++14";
				CLANG_CXX_LIBRARY = "libc++";
				CLANG_ENABLE_MODULES = YES;
				CLANG_ENABLE_OBJC_ARC = YES;
				CLANG_ENABLE_OBJC_WEAK = YES;
				CLANG_WARN_BLOCK_CAPTURE_AUTORELEASING = YES;
				CLANG_WARN_BOOL_CONVERSION = YES;
				CLANG_WARN_COMMA = YES;
				CLANG_WARN_CONSTANT_CONVERSION = YES;
				CLANG_WARN_DEPRECATED_OBJC_IMPLEMENTATIONS = YES;
				CLANG_WARN_DIRECT_OBJC_ISA_USAGE = YES_ERROR;
				CLANG_WARN_DOCUMENTATION_COMMENTS = YES;
				CLANG_WARN_EMPTY_BODY = YES;
				CLANG_WARN_ENUM_CONVERSION = YES;
				CLANG_WARN_INFINITE_RECURSION = YES;
				CLANG_WARN_INT_CONVERSION = YES;
				CLANG_WARN_NON_LITERAL_NULL_CONVERSION = YES;
				CLANG_WARN_OBJC_IMPLICIT_RETAIN_SELF = YES;
				CLANG_WARN_OBJC_LITERAL_CONVERSION = YES;
				CLANG_WARN_OBJC_ROOT_CLASS = YES_ERROR;
				CLANG_WARN_RANGE_LOOP_ANALYSIS = YES;
				CLANG_WARN_STRICT_PROTOTYPES = YES;
				CLANG_WARN_SUSPICIOUS_MOVE = YES;
				CLANG_WARN_UNGUARDED_AVAILABILITY = YES_AGGRESSIVE;
				CLANG_WARN_UNREACHABLE_CODE = YES;
				CLANG_WARN__DUPLICATE_METHOD_MATCH = YES;
				COPY_PHASE_STRIP = NO;
				DEBUG_INFORMATION_FORMAT = "dwarf-with-dsym";
				ENABLE_NS_ASSERTIONS = NO;
				ENABLE_STRICT_OBJC_MSGSEND = YES;
				GCC_C_LANGUAGE_STANDARD = gnu11;
				GCC_NO_COMMON_BLOCKS = YES;
				GCC_WARN_64_TO_32_BIT_CONVERSION = YES;
				GCC_WARN_ABOUT_RETURN_TYPE = YES_ERROR;
				GCC_WARN_UNDECLARED_SELECTOR = YES;
				GCC_WARN_UNINITIALIZED_AUTOS = YES_AGGRESSIVE;
				GCC_WARN_UNUSED_FUNCTION = YES;
				GCC_WARN_UNUSED_VARIABLE = YES;
				IPHONEOS_DEPLOYMENT_TARGET = 13.2;
				MTL_ENABLE_DEBUG_INFO = NO;
				MTL_FAST_MATH = YES;
				SDKROOT = iphoneos;
				SWIFT_COMPILATION_MODE = wholemodule;
				SWIFT_OPTIMIZATION_LEVEL = "-O";
				VALIDATE_PRODUCT = YES;
			};
			name = Release;
		};
		846D2D3E2413BEF30066A847 /* Debug */ = {
			isa = XCBuildConfiguration;
			buildSettings = {
				ASSETCATALOG_COMPILER_APPICON_NAME = AppIcon;
				CODE_SIGN_STYLE = Automatic;
				DEVELOPMENT_TEAM = L8A7A463KF;
				INFOPLIST_FILE = MyMovieChart/Info.plist;
				LD_RUNPATH_SEARCH_PATHS = (
					"$(inherited)",
					"@executable_path/Frameworks",
				);
				PRODUCT_BUNDLE_IDENTIFIER = com.pgh.MyMovieChart;
				PRODUCT_NAME = "$(TARGET_NAME)";
				SWIFT_VERSION = 5.0;
				TARGETED_DEVICE_FAMILY = "1,2";
			};
			name = Debug;
		};
		846D2D3F2413BEF30066A847 /* Release */ = {
			isa = XCBuildConfiguration;
			buildSettings = {
				ASSETCATALOG_COMPILER_APPICON_NAME = AppIcon;
				CODE_SIGN_STYLE = Automatic;
				DEVELOPMENT_TEAM = L8A7A463KF;
				INFOPLIST_FILE = MyMovieChart/Info.plist;
				LD_RUNPATH_SEARCH_PATHS = (
					"$(inherited)",
					"@executable_path/Frameworks",
				);
				PRODUCT_BUNDLE_IDENTIFIER = com.pgh.MyMovieChart;
				PRODUCT_NAME = "$(TARGET_NAME)";
				SWIFT_VERSION = 5.0;
				TARGETED_DEVICE_FAMILY = "1,2";
			};
			name = Release;
		};
/* End XCBuildConfiguration section */

/* Begin XCConfigurationList section */
		846D2D242413BEF00066A847 /* Build configuration list for PBXProject "MyMovieChart" */ = {
			isa = XCConfigurationList;
			buildConfigurations = (
				846D2D3B2413BEF30066A847 /* Debug */,
				846D2D3C2413BEF30066A847 /* Release */,
			);
			defaultConfigurationIsVisible = 0;
			defaultConfigurationName = Release;
		};
		846D2D3D2413BEF30066A847 /* Build configuration list for PBXNativeTarget "MyMovieChart" */ = {
			isa = XCConfigurationList;
			buildConfigurations = (
				846D2D3E2413BEF30066A847 /* Debug */,
				846D2D3F2413BEF30066A847 /* Release */,
			);
			defaultConfigurationIsVisible = 0;
			defaultConfigurationName = Release;
		};
/* End XCConfigurationList section */
	};
	rootObject = 846D2D212413BEF00066A847 /* Project object */;
}
